
Microsoft Visual Studio Solution File, Format Version 12.00
# Visual Studio 2012
Project("{FAE04EC0-301F-11D3-BF4B-00C04F79EFBC}") = "GraficRedactor", "GraficRedactor.csproj", "{33381D7B-4458-4272-B5D6-00AFFB810523}"
EndProject
Global
	GlobalSection(SolutionConfigurationPlatforms) = preSolution
		Debug|Any CPU = Debug|Any CPU
		Release|Any CPU = Release|Any CPU
	EndGlobalSection
	GlobalSection(ProjectConfigurationPlatforms) = postSolution
		{33381D7B-4458-4272-B5D6-00AFFB810523}.Debug|Any CPU.ActiveCfg = Debug|Any CPU
		{33381D7B-4458-4272-B5D6-00AFFB810523}.Debug|Any CPU.Build.0 = Debug|Any CPU
		{33381D7B-4458-4272-B5D6-00AFFB810523}.Release|Any CPU.ActiveCfg = Release|Any CPU
		{33381D7B-4458-4272-B5D6-00AFFB810523}.Release|Any CPU.Build.0 = Release|Any CPU
	EndGlobalSection
	GlobalSection(SolutionProperties) = preSolution
		HideSolutionNode = FALSE
	EndGlobalSection
EndGlobal
